{
  "name": "demo_with_webpack",
  "version": "1.0.0",
  "lockfileVersion": 1,
  "requires": true,
  "dependencies": {
    "google-maps-reviews": {
      "version": "0.0.1",
      "resolved": "https://registry.npmjs.org/google-maps-reviews/-/google-maps-reviews-0.0.1.tgz",
      "integrity": "sha512-fzsAjXHnDlPsjrLKyYH4xLlki4SJ6h6EiVjCVuJw76Zxg+5LqHtY3ToHrsCtfU8TiMZ7OCzuduijPTJ2O+gCeQ=="
    }
  }
}
